// !$*UTF8*$!
{
	archiveVersion = 1;
	classes = {
	};
	objectVersion = 51;
	objects = {

/* Begin PBXBuildFile section */
		4910CC9422DF936100711956 /* AppDelegate.swift in Sources */ = {isa = PBXBuildFile; fileRef = 4910CC9322DF936100711956 /* AppDelegate.swift */; };
		4910CC9822DF936100711956 /* ViewController.swift in Sources */ = {isa = PBXBuildFile; fileRef = 4910CC9722DF936100711956 /* ViewController.swift */; };
		4910CC9B22DF936100711956 /* Main.storyboard in Resources */ = {isa = PBXBuildFile; fileRef = 4910CC9922DF936100711956 /* Main.storyboard */; };
		4910CC9D22DF936300711956 /* Assets.xcassets in Resources */ = {isa = PBXBuildFile; fileRef = 4910CC9C22DF936300711956 /* Assets.xcassets */; };
		4910CCA022DF936300711956 /* LaunchScreen.storyboard in Resources */ = {isa = PBXBuildFile; fileRef = 4910CC9E22DF936300711956 /* LaunchScreen.storyboard */; };
		49F7136622E24B4900D50494 /* LoginViewController.swift in Sources */ = {isa = PBXBuildFile; fileRef = 49F7136522E24B4900D50494 /* LoginViewController.swift */; };
		626C5C538382069E8750C744 /* Pods_PushNotifApp.framework in Frameworks */ = {isa = PBXBuildFile; fileRef = 3B22527EC06BC484BFFD4536 /* Pods_PushNotifApp.framework */; };
		9AFA3B8122E24E84007C6AF7 /* SubscribeScreenViewController.swift in Sources */ = {isa = PBXBuildFile; fileRef = 9AFA3B8022E24E84007C6AF7 /* SubscribeScreenViewController.swift */; };
/* End PBXBuildFile section */

/* Begin PBXFileReference section */
		3B22527EC06BC484BFFD4536 /* Pods_PushNotifApp.framework */ = {isa = PBXFileReference; explicitFileType = wrapper.framework; includeInIndex = 0; path = Pods_PushNotifApp.framework; sourceTree = BUILT_PRODUCTS_DIR; };
		4910CC9022DF936100711956 /* PushNotifApp.app */ = {isa = PBXFileReference; explicitFileType = wrapper.application; includeInIndex = 0; path = PushNotifApp.app; sourceTree = BUILT_PRODUCTS_DIR; };
		4910CC9322DF936100711956 /* AppDelegate.swift */ = {isa = PBXFileReference; lastKnownFileType = sourcecode.swift; path = AppDelegate.swift; sourceTree = "<group>"; };
		4910CC9722DF936100711956 /* ViewController.swift */ = {isa = PBXFileReference; lastKnownFileType = sourcecode.swift; path = ViewController.swift; sourceTree = "<group>"; };
		4910CC9A22DF936100711956 /* Base */ = {isa = PBXFileReference; lastKnownFileType = file.storyboard; name = Base; path = Base.lproj/Main.storyboard; sourceTree = "<group>"; };
		4910CC9C22DF936300711956 /* Assets.xcassets */ = {isa = PBXFileReference; lastKnownFileType = folder.assetcatalog; path = Assets.xcassets; sourceTree = "<group>"; };
		4910CC9F22DF936300711956 /* Base */ = {isa = PBXFileReference; lastKnownFileType = file.storyboard; name = Base; path = Base.lproj/LaunchScreen.storyboard; sourceTree = "<group>"; };
		4910CCA122DF936300711956 /* Info.plist */ = {isa = PBXFileReference; lastKnownFileType = text.plist.xml; path = Info.plist; sourceTree = "<group>"; };
		4938DB3A22E75121001092B7 /* PushNotifApp.entitlements */ = {isa = PBXFileReference; lastKnownFileType = text.plist.entitlements; path = PushNotifApp.entitlements; sourceTree = "<group>"; };
		49F7136522E24B4900D50494 /* LoginViewController.swift */ = {isa = PBXFileReference; lastKnownFileType = sourcecode.swift; path = LoginViewController.swift; sourceTree = "<group>"; };
		9AFA3B8022E24E84007C6AF7 /* SubscribeScreenViewController.swift */ = {isa = PBXFileReference; lastKnownFileType = sourcecode.swift; path = SubscribeScreenViewController.swift; sourceTree = "<group>"; };
		A3253282851F3F6F99565792 /* Pods-PushNotifApp.debug.xcconfig */ = {isa = PBXFileReference; includeInIndex = 1; lastKnownFileType = text.xcconfig; name = "Pods-PushNotifApp.debug.xcconfig"; path = "Target Support Files/Pods-PushNotifApp/Pods-PushNotifApp.debug.xcconfig"; sourceTree = "<group>"; };
		BBF9D62F5D07C5FC546D6A89 /* Pods-PushNotifApp.release.xcconfig */ = {isa = PBXFileReference; includeInIndex = 1; lastKnownFileType = text.xcconfig; name = "Pods-PushNotifApp.release.xcconfig"; path = "Target Support Files/Pods-PushNotifApp/Pods-PushNotifApp.release.xcconfig"; sourceTree = "<group>"; };
/* End PBXFileReference section */

/* Begin PBXFrameworksBuildPhase section */
		4910CC8D22DF936100711956 /* Frameworks */ = {
			isa = PBXFrameworksBuildPhase;
			buildActionMask = 2147483647;
			files = (
				626C5C538382069E8750C744 /* Pods_PushNotifApp.framework in Frameworks */,
			);
			runOnlyForDeploymentPostprocessing = 0;
		};
/* End PBXFrameworksBuildPhase section */

/* Begin PBXGroup section */
		46D57CA393722AF80A44E186 /* Pods */ = {
			isa = PBXGroup;
			children = (
				A3253282851F3F6F99565792 /* Pods-PushNotifApp.debug.xcconfig */,
				BBF9D62F5D07C5FC546D6A89 /* Pods-PushNotifApp.release.xcconfig */,
			);
			path = Pods;
			sourceTree = "<group>";
		};
		4910CC8722DF936100711956 = {
			isa = PBXGroup;
			children = (
				4910CC9222DF936100711956 /* PushNotifApp */,
				4910CC9122DF936100711956 /* Products */,
				46D57CA393722AF80A44E186 /* Pods */,
				BE5E7EF0C91738A204DA75BA /* Frameworks */,
			);
			sourceTree = "<group>";
		};
		4910CC9122DF936100711956 /* Products */ = {
			isa = PBXGroup;
			children = (
				4910CC9022DF936100711956 /* PushNotifApp.app */,
			);
			name = Products;
			sourceTree = "<group>";
		};
		4910CC9222DF936100711956 /* PushNotifApp */ = {
			isa = PBXGroup;
			children = (
				4938DB3A22E75121001092B7 /* PushNotifApp.entitlements */,
				4910CC9322DF936100711956 /* AppDelegate.swift */,
				4910CC9722DF936100711956 /* ViewController.swift */,
				4910CC9922DF936100711956 /* Main.storyboard */,
				9AFA3B8022E24E84007C6AF7 /* SubscribeScreenViewController.swift */,
				49F7136522E24B4900D50494 /* LoginViewController.swift */,
				4910CC9C22DF936300711956 /* Assets.xcassets */,
				4910CC9E22DF936300711956 /* LaunchScreen.storyboard */,
				4910CCA122DF936300711956 /* Info.plist */,
			);
			path = PushNotifApp;
			sourceTree = "<group>";
		};
		BE5E7EF0C91738A204DA75BA /* Frameworks */ = {
			isa = PBXGroup;
			children = (
				3B22527EC06BC484BFFD4536 /* Pods_PushNotifApp.framework */,
			);
			name = Frameworks;
			sourceTree = "<group>";
		};
/* End PBXGroup section */

/* Begin PBXNativeTarget section */
		4910CC8F22DF936100711956 /* PushNotifApp */ = {
			isa = PBXNativeTarget;
			buildConfigurationList = 4910CCA422DF936300711956 /* Build configuration list for PBXNativeTarget "PushNotifApp" */;
			buildPhases = (
				891AF584665B56F52E3AC968 /* [CP] Check Pods Manifest.lock */,
				4910CC8C22DF936100711956 /* Sources */,
				4910CC8D22DF936100711956 /* Frameworks */,
				4910CC8E22DF936100711956 /* Resources */,
				1AB50166B807F55B617E6787 /* [CP] Embed Pods Frameworks */,
			);
			buildRules = (
			);
			dependencies = (
			);
			name = PushNotifApp;
			productName = PushNotifApp;
			productReference = 4910CC9022DF936100711956 /* PushNotifApp.app */;
			productType = "com.apple.product-type.application";
		};
/* End PBXNativeTarget section */

/* Begin PBXProject section */
		4910CC8822DF936100711956 /* Project object */ = {
			isa = PBXProject;
			attributes = {
				LastSwiftUpdateCheck = 1100;
				LastUpgradeCheck = 1100;
				ORGANIZATIONNAME = "Carolyn Blumberg";
				TargetAttributes = {
					4910CC8F22DF936100711956 = {
						CreatedOnToolsVersion = 11.0;
						SystemCapabilities = {
							com.apple.Push = {
								enabled = 1;
							};
						};
					};
				};
			};
			buildConfigurationList = 4910CC8B22DF936100711956 /* Build configuration list for PBXProject "PushNotifApp" */;
			compatibilityVersion = "Xcode 9.3";
			developmentRegion = en;
			hasScannedForEncodings = 0;
			knownRegions = (
				en,
				Base,
			);
			mainGroup = 4910CC8722DF936100711956;
			productRefGroup = 4910CC9122DF936100711956 /* Products */;
			projectDirPath = "";
			projectRoot = "";
			targets = (
				4910CC8F22DF936100711956 /* PushNotifApp */,
			);
		};
/* End PBXProject section */

/* Begin PBXResourcesBuildPhase section */
		4910CC8E22DF936100711956 /* Resources */ = {
			isa = PBXResourcesBuildPhase;
			buildActionMask = 2147483647;
			files = (
				4910CCA022DF936300711956 /* LaunchScreen.storyboard in Resources */,
				4910CC9D22DF936300711956 /* Assets.xcassets in Resources */,
				4910CC9B22DF936100711956 /* Main.storyboard in Resources */,
			);
			runOnlyForDeploymentPostprocessing = 0;
		};
/* End PBXResourcesBuildPhase section */

/* Begin PBXShellScriptBuildPhase section */
		1AB50166B807F55B617E6787 /* [CP] Embed Pods Frameworks */ = {
			isa = PBXShellScriptBuildPhase;
			buildActionMask = 2147483647;
			files = (
			);
			inputFileListPaths = (
				"${PODS_ROOT}/Target Support Files/Pods-PushNotifApp/Pods-PushNotifApp-frameworks-${CONFIGURATION}-input-files.xcfilelist",
			);
			name = "[CP] Embed Pods Frameworks";
			outputFileListPaths = (
				"${PODS_ROOT}/Target Support Files/Pods-PushNotifApp/Pods-PushNotifApp-frameworks-${CONFIGURATION}-output-files.xcfilelist",
			);
			runOnlyForDeploymentPostprocessing = 0;
			shellPath = /bin/sh;
			shellScript = "\"${PODS_ROOT}/Target Support Files/Pods-PushNotifApp/Pods-PushNotifApp-frameworks.sh\"\n";
			showEnvVarsInLog = 0;
		};
		891AF584665B56F52E3AC968 /* [CP] Check Pods Manifest.lock */ = {
			isa = PBXShellScriptBuildPhase;
			buildActionMask = 2147483647;
			files = (
			);
			inputFileListPaths = (
			);
			inputPaths = (
				"${PODS_PODFILE_DIR_PATH}/Podfile.lock",
				"${PODS_ROOT}/Manifest.lock",
			);
			name = "[CP] Check Pods Manifest.lock";
			outputFileListPaths = (
			);
			outputPaths = (
				"$(DERIVED_FILE_DIR)/Pods-PushNotifApp-checkManifestLockResult.txt",
			);
			runOnlyForDeploymentPostprocessing = 0;
			shellPath = /bin/sh;
			shellScript = "diff \"${PODS_PODFILE_DIR_PATH}/Podfile.lock\" \"${PODS_ROOT}/Manifest.lock\" > /dev/null\nif [ $? != 0 ] ; then\n    # print error to STDERR\n    echo \"error: The sandbox is not in sync with the Podfile.lock. Run 'pod install' or update your CocoaPods installation.\" >&2\n    exit 1\nfi\n# This output is used by Xcode 'outputs' to avoid re-running this script phase.\necho \"SUCCESS\" > \"${SCRIPT_OUTPUT_FILE_0}\"\n";
			showEnvVarsInLog = 0;
		};
/* End PBXShellScriptBuildPhase section */

/* Begin PBXSourcesBuildPhase section */
		4910CC8C22DF936100711956 /* Sources */ = {
			isa = PBXSourcesBuildPhase;
			buildActionMask = 2147483647;
			files = (
				49F7136622E24B4900D50494 /* LoginViewController.swift in Sources */,
				4910CC9822DF936100711956 /* ViewController.swift in Sources */,
				4910CC9422DF936100711956 /* AppDelegate.swift in Sources */,
				9AFA3B8122E24E84007C6AF7 /* SubscribeScreenViewController.swift in Sources */,
			);
			runOnlyForDeploymentPostprocessing = 0;
		};
/* End PBXSourcesBuildPhase section */

/* Begin PBXVariantGroup section */
		4910CC9922DF936100711956 /* Main.storyboard */ = {
			isa = PBXVariantGroup;
			children = (
				4910CC9A22DF936100711956 /* Base */,
			);
			name = Main.storyboard;
			sourceTree = "<group>";
		};
		4910CC9E22DF936300711956 /* LaunchScreen.storyboard */ = {
			isa = PBXVariantGroup;
			children = (
				4910CC9F22DF936300711956 /* Base */,
			);
			name = LaunchScreen.storyboard;
			sourceTree = "<group>";
		};
/* End PBXVariantGroup section */

/* Begin XCBuildConfiguration section */
		4910CCA222DF936300711956 /* Debug */ = {
			isa = XCBuildConfiguration;
			buildSettings = {
				ALWAYS_SEARCH_USER_PATHS = NO;
				CLANG_ANALYZER_NONNULL = YES;
				CLANG_ANALYZER_NUMBER_OBJECT_CONVERSION = YES_AGGRESSIVE;
				CLANG_CXX_LANGUAGE_STANDARD = "gnu++14";
				CLANG_CXX_LIBRARY = "libc++";
				CLANG_ENABLE_MODULES = YES;
				CLANG_ENABLE_OBJC_ARC = YES;
				CLANG_ENABLE_OBJC_WEAK = YES;
				CLANG_WARN_BLOCK_CAPTURE_AUTORELEASING = YES;
				CLANG_WARN_BOOL_CONVERSION = YES;
				CLANG_WARN_COMMA = YES;
				CLANG_WARN_CONSTANT_CONVERSION = YES;
				CLANG_WARN_DEPRECATED_OBJC_IMPLEMENTATIONS = YES;
				CLANG_WARN_DIRECT_OBJC_ISA_USAGE = YES_ERROR;
				CLANG_WARN_DOCUMENTATION_COMMENTS = YES;
				CLANG_WARN_EMPTY_BODY = YES;
				CLANG_WARN_ENUM_CONVERSION = YES;
				CLANG_WARN_INFINITE_RECURSION = YES;
				CLANG_WARN_INT_CONVERSION = YES;
				CLANG_WARN_NON_LITERAL_NULL_CONVERSION = YES;
				CLANG_WARN_OBJC_IMPLICIT_RETAIN_SELF = YES;
				CLANG_WARN_OBJC_LITERAL_CONVERSION = YES;
				CLANG_WARN_OBJC_ROOT_CLASS = YES_ERROR;
				CLANG_WARN_RANGE_LOOP_ANALYSIS = YES;
				CLANG_WARN_STRICT_PROTOTYPES = YES;
				CLANG_WARN_SUSPICIOUS_MOVE = YES;
				CLANG_WARN_UNGUARDED_AVAILABILITY = YES_AGGRESSIVE;
				CLANG_WARN_UNREACHABLE_CODE = YES;
				CLANG_WARN__DUPLICATE_METHOD_MATCH = YES;
				COPY_PHASE_STRIP = NO;
				DEBUG_INFORMATION_FORMAT = dwarf;
				ENABLE_STRICT_OBJC_MSGSEND = YES;
				ENABLE_TESTABILITY = YES;
				GCC_C_LANGUAGE_STANDARD = gnu11;
				GCC_DYNAMIC_NO_PIC = NO;
				GCC_NO_COMMON_BLOCKS = YES;
				GCC_OPTIMIZATION_LEVEL = 0;
				GCC_PREPROCESSOR_DEFINITIONS = (
					"DEBUG=1",
					"$(inherited)",
				);
				GCC_WARN_64_TO_32_BIT_CONVERSION = YES;
				GCC_WARN_ABOUT_RETURN_TYPE = YES_ERROR;
				GCC_WARN_UNDECLARED_SELECTOR = YES;
				GCC_WARN_UNINITIALIZED_AUTOS = YES_AGGRESSIVE;
				GCC_WARN_UNUSED_FUNCTION = YES;
				GCC_WARN_UNUSED_VARIABLE = YES;
				IPHONEOS_DEPLOYMENT_TARGET = 13.0;
				MTL_ENABLE_DEBUG_INFO = INCLUDE_SOURCE;
				MTL_FAST_MATH = YES;
				ONLY_ACTIVE_ARCH = YES;
				SDKROOT = iphoneos;
				SWIFT_ACTIVE_COMPILATION_CONDITIONS = DEBUG;
				SWIFT_OPTIMIZATION_LEVEL = "-Onone";
			};
			name = Debug;
		};
		4910CCA322DF936300711956 /* Release */ = {
			isa = XCBuildConfiguration;
			buildSettings = {
				ALWAYS_SEARCH_USER_PATHS = NO;
				CLANG_ANALYZER_NONNULL = YES;
				CLANG_ANALYZER_NUMBER_OBJECT_CONVERSION = YES_AGGRESSIVE;
				CLANG_CXX_LANGUAGE_STANDARD = "gnu++14";
				CLANG_CXX_LIBRARY = "libc++";
				CLANG_ENABLE_MODULES = YES;
				CLANG_ENABLE_OBJC_ARC = YES;
				CLANG_ENABLE_OBJC_WEAK = YES;
				CLANG_WARN_BLOCK_CAPTURE_AUTORELEASING = YES;
				CLANG_WARN_BOOL_CONVERSION = YES;
				CLANG_WARN_COMMA = YES;
				CLANG_WARN_CONSTANT_CONVERSION = YES;
				CLANG_WARN_DEPRECATED_OBJC_IMPLEMENTATIONS = YES;
				CLANG_WARN_DIRECT_OBJC_ISA_USAGE = YES_ERROR;
				CLANG_WARN_DOCUMENTATION_COMMENTS = YES;
				CLANG_WARN_EMPTY_BODY = YES;
				CLANG_WARN_ENUM_CONVERSION = YES;
				CLANG_WARN_INFINITE_RECURSION = YES;
				CLANG_WARN_INT_CONVERSION = YES;
				CLANG_WARN_NON_LITERAL_NULL_CONVERSION = YES;
				CLANG_WARN_OBJC_IMPLICIT_RETAIN_SELF = YES;
				CLANG_WARN_OBJC_LITERAL_CONVERSION = YES;
				CLANG_WARN_OBJC_ROOT_CLASS = YES_ERROR;
				CLANG_WARN_RANGE_LOOP_ANALYSIS = YES;
				CLANG_WARN_STRICT_PROTOTYPES = YES;
				CLANG_WARN_SUSPICIOUS_MOVE = YES;
				CLANG_WARN_UNGUARDED_AVAILABILITY = YES_AGGRESSIVE;
				CLANG_WARN_UNREACHABLE_CODE = YES;
				CLANG_WARN__DUPLICATE_METHOD_MATCH = YES;
				COPY_PHASE_STRIP = NO;
				DEBUG_INFORMATION_FORMAT = "dwarf-with-dsym";
				ENABLE_NS_ASSERTIONS = NO;
				ENABLE_STRICT_OBJC_MSGSEND = YES;
				GCC_C_LANGUAGE_STANDARD = gnu11;
				GCC_NO_COMMON_BLOCKS = YES;
				GCC_WARN_64_TO_32_BIT_CONVERSION = YES;
				GCC_WARN_ABOUT_RETURN_TYPE = YES_ERROR;
				GCC_WARN_UNDECLARED_SELECTOR = YES;
				GCC_WARN_UNINITIALIZED_AUTOS = YES_AGGRESSIVE;
				GCC_WARN_UNUSED_FUNCTION = YES;
				GCC_WARN_UNUSED_VARIABLE = YES;
				IPHONEOS_DEPLOYMENT_TARGET = 13.0;
				MTL_ENABLE_DEBUG_INFO = NO;
				MTL_FAST_MATH = YES;
				SDKROOT = iphoneos;
				SWIFT_COMPILATION_MODE = wholemodule;
				SWIFT_OPTIMIZATION_LEVEL = "-O";
				VALIDATE_PRODUCT = YES;
			};
			name = Release;
		};
		4910CCA522DF936300711956 /* Debug */ = {
			isa = XCBuildConfiguration;
			baseConfigurationReference = A3253282851F3F6F99565792 /* Pods-PushNotifApp.debug.xcconfig */;
			buildSettings = {
				ASSETCATALOG_COMPILER_APPICON_NAME = AppIcon;
				CODE_SIGN_ENTITLEMENTS = PushNotifApp/PushNotifApp.entitlements;
				CODE_SIGN_IDENTITY = "iPhone Developer";
				CODE_SIGN_STYLE = Automatic;
				DEVELOPMENT_TEAM = 3993H78KHE;
				INFOPLIST_FILE = PushNotifApp/Info.plist;
				IPHONEOS_DEPLOYMENT_TARGET = 12.2;
				LD_RUNPATH_SEARCH_PATHS = (
					"$(inherited)",
					"@executable_path/Frameworks",
				);
				PRODUCT_BUNDLE_IDENTIFIER = com.tastytrade.pushnotifs;
				PRODUCT_NAME = "$(TARGET_NAME)";
				PROVISIONING_PROFILE_SPECIFIER = "";
				SWIFT_VERSION = 5.0;
				TARGETED_DEVICE_FAMILY = "1,2";
			};
			name = Debug;
		};
		4910CCA622DF936300711956 /* Release */ = {
			isa = XCBuildConfiguration;
			baseConfigurationReference = BBF9D62F5D07C5FC546D6A89 /* Pods-PushNotifApp.release.xcconfig */;
			buildSettings = {
				ASSETCATALOG_COMPILER_APPICON_NAME = AppIcon;
				CODE_SIGN_ENTITLEMENTS = PushNotifApp/PushNotifApp.entitlements;
				CODE_SIGN_IDENTITY = "iPhone Developer";
				CODE_SIGN_STYLE = Automatic;
				DEVELOPMENT_TEAM = 3993H78KHE;
				INFOPLIST_FILE = PushNotifApp/Info.plist;
				IPHONEOS_DEPLOYMENT_TARGET = 12.2;
				LD_RUNPATH_SEARCH_PATHS = (
					"$(inherited)",
					"@executable_path/Frameworks",
				);
				PRODUCT_BUNDLE_IDENTIFIER = com.tastytrade.pushnotifs;
				PRODUCT_NAME = "$(TARGET_NAME)";
				PROVISIONING_PROFILE_SPECIFIER = "";
				SWIFT_VERSION = 5.0;
				TARGETED_DEVICE_FAMILY = "1,2";
			};
			name = Release;
		};
/* End XCBuildConfiguration section */

/* Begin XCConfigurationList section */
		4910CC8B22DF936100711956 /* Build configuration list for PBXProject "PushNotifApp" */ = {
			isa = XCConfigurationList;
			buildConfigurations = (
				4910CCA222DF936300711956 /* Debug */,
				4910CCA322DF936300711956 /* Release */,
			);
			defaultConfigurationIsVisible = 0;
			defaultConfigurationName = Release;
		};
		4910CCA422DF936300711956 /* Build configuration list for PBXNativeTarget "PushNotifApp" */ = {
			isa = XCConfigurationList;
			buildConfigurations = (
				4910CCA522DF936300711956 /* Debug */,
				4910CCA622DF936300711956 /* Release */,
			);
			defaultConfigurationIsVisible = 0;
			defaultConfigurationName = Release;
		};
/* End XCConfigurationList section */
	};
	rootObject = 4910CC8822DF936100711956 /* Project object */;
}
